
Microsoft Visual Studio Solution File, Format Version 12.00
# Visual Studio Version 17
VisualStudioVersion = 17.0.31903.59
MinimumVisualStudioVersion = 10.0.40219.1
Project("{9A19103F-16F7-4668-BE54-9A1E7A4F7556}") = "saas-template.server", "02-Backend\saas-template.server.csproj", "{32BF35B9-8FCA-46DE-980B-9EE892106B23}"
EndProject
Project("{54A90642-561A-4BB1-A94E-469ADEE60C69}") = "saas-template.client", "01-Frontend\saas-template.client.esproj", "{59D7EFBF-761F-46EE-8368-4DCA2B2E3AF9}"
EndProject
Global
	GlobalSection(SolutionConfigurationPlatforms) = preSolution
		Debug|Any CPU = Debug|Any CPU
		Release|Any CPU = Release|Any CPU
	EndGlobalSection
	GlobalSection(ProjectConfigurationPlatforms) = postSolution
		{32BF35B9-8FCA-46DE-980B-9EE892106B23}.Debug|Any CPU.ActiveCfg = Debug|Any CPU
		{32BF35B9-8FCA-46DE-980B-9EE892106B23}.Debug|Any CPU.Build.0 = Debug|Any CPU
		{32BF35B9-8FCA-46DE-980B-9EE892106B23}.Release|Any CPU.ActiveCfg = Release|Any CPU
		{32BF35B9-8FCA-46DE-980B-9EE892106B23}.Release|Any CPU.Build.0 = Release|Any CPU
		{59D7EFBF-761F-46EE-8368-4DCA2B2E3AF9}.Debug|Any CPU.ActiveCfg = Debug|Any CPU
		{59D7EFBF-761F-46EE-8368-4DCA2B2E3AF9}.Debug|Any CPU.Build.0 = Debug|Any CPU
		{59D7EFBF-761F-46EE-8368-4DCA2B2E3AF9}.Debug|Any CPU.Deploy.0 = Debug|Any CPU
		{59D7EFBF-761F-46EE-8368-4DCA2B2E3AF9}.Release|Any CPU.ActiveCfg = Release|Any CPU
		{59D7EFBF-761F-46EE-8368-4DCA2B2E3AF9}.Release|Any CPU.Build.0 = Release|Any CPU
		{59D7EFBF-761F-46EE-8368-4DCA2B2E3AF9}.Release|Any CPU.Deploy.0 = Release|Any CPU
	EndGlobalSection
	GlobalSection(SolutionProperties) = preSolution
		HideSolutionNode = FALSE
	EndGlobalSection
EndGlobal
